
Microsoft Visual Studio Solution File, Format Version 12.00
# Visual Studio Version 17
VisualStudioVersion = 17.5.33414.496
MinimumVisualStudioVersion = 10.0.40219.1
Project("{FAE04EC0-301F-11D3-BF4B-00C04F79EFBC}") = "EstruturaCondicionalEncadeamento", "EstruturaCondicionalEncadeamento\EstruturaCondicionalEncadeamento.csproj", "{24A69870-C381-4964-B743-C235843C1A22}"
EndProject
Global
	GlobalSection(SolutionConfigurationPlatforms) = preSolution
		Debug|Any CPU = Debug|Any CPU
		Release|Any CPU = Release|Any CPU
	EndGlobalSection
	GlobalSection(ProjectConfigurationPlatforms) = postSolution
		{24A69870-C381-4964-B743-C235843C1A22}.Debug|Any CPU.ActiveCfg = Debug|Any CPU
		{24A69870-C381-4964-B743-C235843C1A22}.Debug|Any CPU.Build.0 = Debug|Any CPU
		{24A69870-C381-4964-B743-C235843C1A22}.Release|Any CPU.ActiveCfg = Release|Any CPU
		{24A69870-C381-4964-B743-C235843C1A22}.Release|Any CPU.Build.0 = Release|Any CPU
	EndGlobalSection
	GlobalSection(SolutionProperties) = preSolution
		HideSolutionNode = FALSE
	EndGlobalSection
	GlobalSection(ExtensibilityGlobals) = postSolution
		SolutionGuid = {5E8E334D-8B21-4E69-976D-CA5D3EA07A45}
	EndGlobalSection
EndGlobal
