
Microsoft Visual Studio Solution File, Format Version 12.00
# Visual Studio Version 17
VisualStudioVersion = 17.5.33414.496
MinimumVisualStudioVersion = 10.0.40219.1
Project("{FAE04EC0-301F-11D3-BF4B-00C04F79EFBC}") = "ExercíciosEstruturaCondicional_5", "ExercíciosEstruturaCondicional_5\ExercíciosEstruturaCondicional_5.csproj", "{1C68E8CC-9B01-44CF-8737-9B611BF13D10}"
EndProject
Global
	GlobalSection(SolutionConfigurationPlatforms) = preSolution
		Debug|Any CPU = Debug|Any CPU
		Release|Any CPU = Release|Any CPU
	EndGlobalSection
	GlobalSection(ProjectConfigurationPlatforms) = postSolution
		{1C68E8CC-9B01-44CF-8737-9B611BF13D10}.Debug|Any CPU.ActiveCfg = Debug|Any CPU
		{1C68E8CC-9B01-44CF-8737-9B611BF13D10}.Debug|Any CPU.Build.0 = Debug|Any CPU
		{1C68E8CC-9B01-44CF-8737-9B611BF13D10}.Release|Any CPU.ActiveCfg = Release|Any CPU
		{1C68E8CC-9B01-44CF-8737-9B611BF13D10}.Release|Any CPU.Build.0 = Release|Any CPU
	EndGlobalSection
	GlobalSection(SolutionProperties) = preSolution
		HideSolutionNode = FALSE
	EndGlobalSection
	GlobalSection(ExtensibilityGlobals) = postSolution
		SolutionGuid = {D7DE4AAE-EF29-42A6-87A0-F654160D5B9D}
	EndGlobalSection
EndGlobal
