
Microsoft Visual Studio Solution File, Format Version 12.00
# Visual Studio Version 17
VisualStudioVersion = 17.5.33414.496
MinimumVisualStudioVersion = 10.0.40219.1
Project("{FAE04EC0-301F-11D3-BF4B-00C04F79EFBC}") = "ExercicioEstruturaSequencial_6", "ExercicioEstruturaSequencial_6\ExercicioEstruturaSequencial_6.csproj", "{DAA50BA8-C09E-490A-B236-ED20C8BC11B9}"
EndProject
Global
	GlobalSection(SolutionConfigurationPlatforms) = preSolution
		Debug|Any CPU = Debug|Any CPU
		Release|Any CPU = Release|Any CPU
	EndGlobalSection
	GlobalSection(ProjectConfigurationPlatforms) = postSolution
		{DAA50BA8-C09E-490A-B236-ED20C8BC11B9}.Debug|Any CPU.ActiveCfg = Debug|Any CPU
		{DAA50BA8-C09E-490A-B236-ED20C8BC11B9}.Debug|Any CPU.Build.0 = Debug|Any CPU
		{DAA50BA8-C09E-490A-B236-ED20C8BC11B9}.Release|Any CPU.ActiveCfg = Release|Any CPU
		{DAA50BA8-C09E-490A-B236-ED20C8BC11B9}.Release|Any CPU.Build.0 = Release|Any CPU
	EndGlobalSection
	GlobalSection(SolutionProperties) = preSolution
		HideSolutionNode = FALSE
	EndGlobalSection
	GlobalSection(ExtensibilityGlobals) = postSolution
		SolutionGuid = {A990B638-01DE-4F6E-99B1-5EB3F207D384}
	EndGlobalSection
EndGlobal
