
Microsoft Visual Studio Solution File, Format Version 12.00
# Visual Studio Version 17
VisualStudioVersion = 17.5.33414.496
MinimumVisualStudioVersion = 10.0.40219.1
Project("{FAE04EC0-301F-11D3-BF4B-00C04F79EFBC}") = "ExercicioEstruturaSequencial_4", "ExercicioEstruturaSequencial_4\ExercicioEstruturaSequencial_4.csproj", "{3EB4B344-1FEF-44C4-B05D-DA096BD11798}"
EndProject
Global
	GlobalSection(SolutionConfigurationPlatforms) = preSolution
		Debug|Any CPU = Debug|Any CPU
		Release|Any CPU = Release|Any CPU
	EndGlobalSection
	GlobalSection(ProjectConfigurationPlatforms) = postSolution
		{3EB4B344-1FEF-44C4-B05D-DA096BD11798}.Debug|Any CPU.ActiveCfg = Debug|Any CPU
		{3EB4B344-1FEF-44C4-B05D-DA096BD11798}.Debug|Any CPU.Build.0 = Debug|Any CPU
		{3EB4B344-1FEF-44C4-B05D-DA096BD11798}.Release|Any CPU.ActiveCfg = Release|Any CPU
		{3EB4B344-1FEF-44C4-B05D-DA096BD11798}.Release|Any CPU.Build.0 = Release|Any CPU
	EndGlobalSection
	GlobalSection(SolutionProperties) = preSolution
		HideSolutionNode = FALSE
	EndGlobalSection
	GlobalSection(ExtensibilityGlobals) = postSolution
		SolutionGuid = {C266ECEB-1FE0-4DB0-96F5-6999F3ADA950}
	EndGlobalSection
EndGlobal
