
Microsoft Visual Studio Solution File, Format Version 12.00
# Visual Studio Version 17
VisualStudioVersion = 17.5.33414.496
MinimumVisualStudioVersion = 10.0.40219.1
Project("{FAE04EC0-301F-11D3-BF4B-00C04F79EFBC}") = "ExercicioEstruturaSequencial_3", "ExercicioEstruturaSequencial_3\ExercicioEstruturaSequencial_3.csproj", "{93D984C5-1599-442A-95C2-5FD7AC28442E}"
EndProject
Global
	GlobalSection(SolutionConfigurationPlatforms) = preSolution
		Debug|Any CPU = Debug|Any CPU
		Release|Any CPU = Release|Any CPU
	EndGlobalSection
	GlobalSection(ProjectConfigurationPlatforms) = postSolution
		{93D984C5-1599-442A-95C2-5FD7AC28442E}.Debug|Any CPU.ActiveCfg = Debug|Any CPU
		{93D984C5-1599-442A-95C2-5FD7AC28442E}.Debug|Any CPU.Build.0 = Debug|Any CPU
		{93D984C5-1599-442A-95C2-5FD7AC28442E}.Release|Any CPU.ActiveCfg = Release|Any CPU
		{93D984C5-1599-442A-95C2-5FD7AC28442E}.Release|Any CPU.Build.0 = Release|Any CPU
	EndGlobalSection
	GlobalSection(SolutionProperties) = preSolution
		HideSolutionNode = FALSE
	EndGlobalSection
	GlobalSection(ExtensibilityGlobals) = postSolution
		SolutionGuid = {BE34F082-42C8-433D-B289-B05A4F72DB48}
	EndGlobalSection
EndGlobal
