
Microsoft Visual Studio Solution File, Format Version 12.00
# Visual Studio Version 17
VisualStudioVersion = 17.5.33414.496
MinimumVisualStudioVersion = 10.0.40219.1
Project("{FAE04EC0-301F-11D3-BF4B-00C04F79EFBC}") = "EstruturaCondicional", "EstruturaCondicional\EstruturaCondicional.csproj", "{EB0C2A08-ED50-4E21-AB68-33A2C87161B2}"
EndProject
Global
	GlobalSection(SolutionConfigurationPlatforms) = preSolution
		Debug|Any CPU = Debug|Any CPU
		Release|Any CPU = Release|Any CPU
	EndGlobalSection
	GlobalSection(ProjectConfigurationPlatforms) = postSolution
		{EB0C2A08-ED50-4E21-AB68-33A2C87161B2}.Debug|Any CPU.ActiveCfg = Debug|Any CPU
		{EB0C2A08-ED50-4E21-AB68-33A2C87161B2}.Debug|Any CPU.Build.0 = Debug|Any CPU
		{EB0C2A08-ED50-4E21-AB68-33A2C87161B2}.Release|Any CPU.ActiveCfg = Release|Any CPU
		{EB0C2A08-ED50-4E21-AB68-33A2C87161B2}.Release|Any CPU.Build.0 = Release|Any CPU
	EndGlobalSection
	GlobalSection(SolutionProperties) = preSolution
		HideSolutionNode = FALSE
	EndGlobalSection
	GlobalSection(ExtensibilityGlobals) = postSolution
		SolutionGuid = {F8A24BB9-C87E-47A7-B4B8-3CA232C3EA4F}
	EndGlobalSection
EndGlobal
