
Microsoft Visual Studio Solution File, Format Version 12.00
# Visual Studio Version 17
VisualStudioVersion = 17.5.33414.496
MinimumVisualStudioVersion = 10.0.40219.1
Project("{FAE04EC0-301F-11D3-BF4B-00C04F79EFBC}") = "PrimeiroProjeto", "PrimeiroProjeto\PrimeiroProjeto.csproj", "{F1EDB16B-7EA9-42DB-8B0A-849ADD2920CC}"
EndProject
Global
	GlobalSection(SolutionConfigurationPlatforms) = preSolution
		Debug|Any CPU = Debug|Any CPU
		Release|Any CPU = Release|Any CPU
	EndGlobalSection
	GlobalSection(ProjectConfigurationPlatforms) = postSolution
		{F1EDB16B-7EA9-42DB-8B0A-849ADD2920CC}.Debug|Any CPU.ActiveCfg = Debug|Any CPU
		{F1EDB16B-7EA9-42DB-8B0A-849ADD2920CC}.Debug|Any CPU.Build.0 = Debug|Any CPU
		{F1EDB16B-7EA9-42DB-8B0A-849ADD2920CC}.Release|Any CPU.ActiveCfg = Release|Any CPU
		{F1EDB16B-7EA9-42DB-8B0A-849ADD2920CC}.Release|Any CPU.Build.0 = Release|Any CPU
	EndGlobalSection
	GlobalSection(SolutionProperties) = preSolution
		HideSolutionNode = FALSE
	EndGlobalSection
	GlobalSection(ExtensibilityGlobals) = postSolution
		SolutionGuid = {7C19B334-3945-4707-95F8-79FE00C5BF7C}
	EndGlobalSection
EndGlobal
