
Microsoft Visual Studio Solution File, Format Version 12.00
# Visual Studio Version 17
VisualStudioVersion = 17.5.33414.496
MinimumVisualStudioVersion = 10.0.40219.1
Project("{FAE04EC0-301F-11D3-BF4B-00C04F79EFBC}") = "ExercíciosEstruturaCondicional_2", "ExercíciosEstruturaCondicional_2\ExercíciosEstruturaCondicional_2.csproj", "{1FB58024-D270-44A2-AEBD-7CB51B406103}"
EndProject
Global
	GlobalSection(SolutionConfigurationPlatforms) = preSolution
		Debug|Any CPU = Debug|Any CPU
		Release|Any CPU = Release|Any CPU
	EndGlobalSection
	GlobalSection(ProjectConfigurationPlatforms) = postSolution
		{1FB58024-D270-44A2-AEBD-7CB51B406103}.Debug|Any CPU.ActiveCfg = Debug|Any CPU
		{1FB58024-D270-44A2-AEBD-7CB51B406103}.Debug|Any CPU.Build.0 = Debug|Any CPU
		{1FB58024-D270-44A2-AEBD-7CB51B406103}.Release|Any CPU.ActiveCfg = Release|Any CPU
		{1FB58024-D270-44A2-AEBD-7CB51B406103}.Release|Any CPU.Build.0 = Release|Any CPU
	EndGlobalSection
	GlobalSection(SolutionProperties) = preSolution
		HideSolutionNode = FALSE
	EndGlobalSection
	GlobalSection(ExtensibilityGlobals) = postSolution
		SolutionGuid = {D4DF402D-C068-471A-B536-289F3EC5375C}
	EndGlobalSection
EndGlobal
