
Microsoft Visual Studio Solution File, Format Version 12.00
# Visual Studio Version 17
VisualStudioVersion = 17.5.33414.496
MinimumVisualStudioVersion = 10.0.40219.1
Project("{FAE04EC0-301F-11D3-BF4B-00C04F79EFBC}") = "OperadoresComparativos", "OperadoresComparativos\OperadoresComparativos.csproj", "{D1D2721A-84D1-4E90-981F-73768E63E160}"
EndProject
Global
	GlobalSection(SolutionConfigurationPlatforms) = preSolution
		Debug|Any CPU = Debug|Any CPU
		Release|Any CPU = Release|Any CPU
	EndGlobalSection
	GlobalSection(ProjectConfigurationPlatforms) = postSolution
		{D1D2721A-84D1-4E90-981F-73768E63E160}.Debug|Any CPU.ActiveCfg = Debug|Any CPU
		{D1D2721A-84D1-4E90-981F-73768E63E160}.Debug|Any CPU.Build.0 = Debug|Any CPU
		{D1D2721A-84D1-4E90-981F-73768E63E160}.Release|Any CPU.ActiveCfg = Release|Any CPU
		{D1D2721A-84D1-4E90-981F-73768E63E160}.Release|Any CPU.Build.0 = Release|Any CPU
	EndGlobalSection
	GlobalSection(SolutionProperties) = preSolution
		HideSolutionNode = FALSE
	EndGlobalSection
	GlobalSection(ExtensibilityGlobals) = postSolution
		SolutionGuid = {FB125EFB-2D9A-4296-ABCE-7B9FB82B167E}
	EndGlobalSection
EndGlobal
