
Microsoft Visual Studio Solution File, Format Version 12.00
# Visual Studio Version 17
VisualStudioVersion = 17.5.33414.496
MinimumVisualStudioVersion = 10.0.40219.1
Project("{FAE04EC0-301F-11D3-BF4B-00C04F79EFBC}") = "OperadoresLogicos", "OperadoresLogicos\OperadoresLogicos.csproj", "{A8D469F1-5CDE-409B-91AD-521E4EFB94F6}"
EndProject
Global
	GlobalSection(SolutionConfigurationPlatforms) = preSolution
		Debug|Any CPU = Debug|Any CPU
		Release|Any CPU = Release|Any CPU
	EndGlobalSection
	GlobalSection(ProjectConfigurationPlatforms) = postSolution
		{A8D469F1-5CDE-409B-91AD-521E4EFB94F6}.Debug|Any CPU.ActiveCfg = Debug|Any CPU
		{A8D469F1-5CDE-409B-91AD-521E4EFB94F6}.Debug|Any CPU.Build.0 = Debug|Any CPU
		{A8D469F1-5CDE-409B-91AD-521E4EFB94F6}.Release|Any CPU.ActiveCfg = Release|Any CPU
		{A8D469F1-5CDE-409B-91AD-521E4EFB94F6}.Release|Any CPU.Build.0 = Release|Any CPU
	EndGlobalSection
	GlobalSection(SolutionProperties) = preSolution
		HideSolutionNode = FALSE
	EndGlobalSection
	GlobalSection(ExtensibilityGlobals) = postSolution
		SolutionGuid = {C34ABA3C-0A6D-45CD-A3D6-D7B932448BE7}
	EndGlobalSection
EndGlobal
